// !$*UTF8*$!
{
	archiveVersion = 1;
	classes = {
	};
	objectVersion = 48;
	objects = {

/* Begin PBXBuildFile section */
		6D1823C62058FE8900975B4B /* AppDelegate.swift in Sources */ = {isa = PBXBuildFile; fileRef = 6D1823C52058FE8900975B4B /* AppDelegate.swift */; };
		6D1823C82058FE8900975B4B /* ViewController.swift in Sources */ = {isa = PBXBuildFile; fileRef = 6D1823C72058FE8900975B4B /* ViewController.swift */; };
		6D1823CB2058FE8900975B4B /* Main.storyboard in Resources */ = {isa = PBXBuildFile; fileRef = 6D1823C92058FE8900975B4B /* Main.storyboard */; };
		6D1823CD2058FE8900975B4B /* Assets.xcassets in Resources */ = {isa = PBXBuildFile; fileRef = 6D1823CC2058FE8900975B4B /* Assets.xcassets */; };
		6D1823D02058FE8900975B4B /* LaunchScreen.storyboard in Resources */ = {isa = PBXBuildFile; fileRef = 6D1823CE2058FE8900975B4B /* LaunchScreen.storyboard */; };
		6D1823E62058FE9E00975B4B /* ViewControllerTests.swift in Sources */ = {isa = PBXBuildFile; fileRef = 6D1823E52058FE9E00975B4B /* ViewControllerTests.swift */; };
		6D1823E92059071700975B4B /* Person.swift in Sources */ = {isa = PBXBuildFile; fileRef = 6D1823E82059071700975B4B /* Person.swift */; };
		6D1823EB2059073F00975B4B /* PersonTests.swift in Sources */ = {isa = PBXBuildFile; fileRef = 6D1823EA2059073F00975B4B /* PersonTests.swift */; };
/* End PBXBuildFile section */

/* Begin PBXContainerItemProxy section */
		6D1823D72058FE8900975B4B /* PBXContainerItemProxy */ = {
			isa = PBXContainerItemProxy;
			containerPortal = 6D1823BA2058FE8900975B4B /* Project object */;
			proxyType = 1;
			remoteGlobalIDString = 6D1823C12058FE8900975B4B;
			remoteInfo = IntroToUnitTests;
		};
/* End PBXContainerItemProxy section */

/* Begin PBXFileReference section */
		6D1823C22058FE8900975B4B /* IntroToUnitTests.app */ = {isa = PBXFileReference; explicitFileType = wrapper.application; includeInIndex = 0; path = IntroToUnitTests.app; sourceTree = BUILT_PRODUCTS_DIR; };
		6D1823C52058FE8900975B4B /* AppDelegate.swift */ = {isa = PBXFileReference; lastKnownFileType = sourcecode.swift; path = AppDelegate.swift; sourceTree = "<group>"; };
		6D1823C72058FE8900975B4B /* ViewController.swift */ = {isa = PBXFileReference; lastKnownFileType = sourcecode.swift; path = ViewController.swift; sourceTree = "<group>"; };
		6D1823CA2058FE8900975B4B /* Base */ = {isa = PBXFileReference; lastKnownFileType = file.storyboard; name = Base; path = Base.lproj/Main.storyboard; sourceTree = "<group>"; };
		6D1823CC2058FE8900975B4B /* Assets.xcassets */ = {isa = PBXFileReference; lastKnownFileType = folder.assetcatalog; path = Assets.xcassets; sourceTree = "<group>"; };
		6D1823CF2058FE8900975B4B /* Base */ = {isa = PBXFileReference; lastKnownFileType = file.storyboard; name = Base; path = Base.lproj/LaunchScreen.storyboard; sourceTree = "<group>"; };
		6D1823D12058FE8900975B4B /* Info.plist */ = {isa = PBXFileReference; lastKnownFileType = text.plist.xml; path = Info.plist; sourceTree = "<group>"; };
		6D1823D62058FE8900975B4B /* IntroToUnitTestsTests.xctest */ = {isa = PBXFileReference; explicitFileType = wrapper.cfbundle; includeInIndex = 0; path = IntroToUnitTestsTests.xctest; sourceTree = BUILT_PRODUCTS_DIR; };
		6D1823DC2058FE8900975B4B /* Info.plist */ = {isa = PBXFileReference; lastKnownFileType = text.plist.xml; path = Info.plist; sourceTree = "<group>"; };
		6D1823E52058FE9E00975B4B /* ViewControllerTests.swift */ = {isa = PBXFileReference; lastKnownFileType = sourcecode.swift; path = ViewControllerTests.swift; sourceTree = "<group>"; };
		6D1823E82059071700975B4B /* Person.swift */ = {isa = PBXFileReference; lastKnownFileType = sourcecode.swift; path = Person.swift; sourceTree = "<group>"; };
		6D1823EA2059073F00975B4B /* PersonTests.swift */ = {isa = PBXFileReference; lastKnownFileType = sourcecode.swift; path = PersonTests.swift; sourceTree = "<group>"; };
/* End PBXFileReference section */

/* Begin PBXFrameworksBuildPhase section */
		6D1823BF2058FE8900975B4B /* Frameworks */ = {
			isa = PBXFrameworksBuildPhase;
			buildActionMask = 2147483647;
			files = (
			);
			runOnlyForDeploymentPostprocessing = 0;
		};
		6D1823D32058FE8900975B4B /* Frameworks */ = {
			isa = PBXFrameworksBuildPhase;
			buildActionMask = 2147483647;
			files = (
			);
			runOnlyForDeploymentPostprocessing = 0;
		};
/* End PBXFrameworksBuildPhase section */

/* Begin PBXGroup section */
		6D1823B92058FE8900975B4B = {
			isa = PBXGroup;
			children = (
				6D1823C42058FE8900975B4B /* IntroToUnitTests */,
				6D1823D92058FE8900975B4B /* IntroToUnitTestsTests */,
				6D1823C32058FE8900975B4B /* Products */,
			);
			sourceTree = "<group>";
		};
		6D1823C32058FE8900975B4B /* Products */ = {
			isa = PBXGroup;
			children = (
				6D1823C22058FE8900975B4B /* IntroToUnitTests.app */,
				6D1823D62058FE8900975B4B /* IntroToUnitTestsTests.xctest */,
			);
			name = Products;
			sourceTree = "<group>";
		};
		6D1823C42058FE8900975B4B /* IntroToUnitTests */ = {
			isa = PBXGroup;
			children = (
				6D1823E72059070A00975B4B /* Model */,
				6D1823C52058FE8900975B4B /* AppDelegate.swift */,
				6D1823C72058FE8900975B4B /* ViewController.swift */,
				6D1823C92058FE8900975B4B /* Main.storyboard */,
				6D1823CC2058FE8900975B4B /* Assets.xcassets */,
				6D1823CE2058FE8900975B4B /* LaunchScreen.storyboard */,
				6D1823D12058FE8900975B4B /* Info.plist */,
			);
			path = IntroToUnitTests;
			sourceTree = "<group>";
		};
		6D1823D92058FE8900975B4B /* IntroToUnitTestsTests */ = {
			isa = PBXGroup;
			children = (
				6D1823DC2058FE8900975B4B /* Info.plist */,
				6D1823E52058FE9E00975B4B /* ViewControllerTests.swift */,
				6D1823EA2059073F00975B4B /* PersonTests.swift */,
			);
			path = IntroToUnitTestsTests;
			sourceTree = "<group>";
		};
		6D1823E72059070A00975B4B /* Model */ = {
			isa = PBXGroup;
			children = (
				6D1823E82059071700975B4B /* Person.swift */,
			);
			path = Model;
			sourceTree = "<group>";
		};
/* End PBXGroup section */

/* Begin PBXNativeTarget section */
		6D1823C12058FE8900975B4B /* IntroToUnitTests */ = {
			isa = PBXNativeTarget;
			buildConfigurationList = 6D1823DF2058FE8900975B4B /* Build configuration list for PBXNativeTarget "IntroToUnitTests" */;
			buildPhases = (
				6D1823BE2058FE8900975B4B /* Sources */,
				6D1823BF2058FE8900975B4B /* Frameworks */,
				6D1823C02058FE8900975B4B /* Resources */,
			);
			buildRules = (
			);
			dependencies = (
			);
			name = IntroToUnitTests;
			productName = IntroToUnitTests;
			productReference = 6D1823C22058FE8900975B4B /* IntroToUnitTests.app */;
			productType = "com.apple.product-type.application";
		};
		6D1823D52058FE8900975B4B /* IntroToUnitTestsTests */ = {
			isa = PBXNativeTarget;
			buildConfigurationList = 6D1823E22058FE8900975B4B /* Build configuration list for PBXNativeTarget "IntroToUnitTestsTests" */;
			buildPhases = (
				6D1823D22058FE8900975B4B /* Sources */,
				6D1823D32058FE8900975B4B /* Frameworks */,
				6D1823D42058FE8900975B4B /* Resources */,
			);
			buildRules = (
			);
			dependencies = (
				6D1823D82058FE8900975B4B /* PBXTargetDependency */,
			);
			name = IntroToUnitTestsTests;
			productName = IntroToUnitTestsTests;
			productReference = 6D1823D62058FE8900975B4B /* IntroToUnitTestsTests.xctest */;
			productType = "com.apple.product-type.bundle.unit-test";
		};
/* End PBXNativeTarget section */

/* Begin PBXProject section */
		6D1823BA2058FE8900975B4B /* Project object */ = {
			isa = PBXProject;
			attributes = {
				LastSwiftUpdateCheck = 0920;
				LastUpgradeCheck = 0920;
				ORGANIZATIONNAME = TDStore;
				TargetAttributes = {
					6D1823C12058FE8900975B4B = {
						CreatedOnToolsVersion = 9.2;
						ProvisioningStyle = Automatic;
					};
					6D1823D52058FE8900975B4B = {
						CreatedOnToolsVersion = 9.2;
						LastSwiftMigration = 0920;
						ProvisioningStyle = Automatic;
						TestTargetID = 6D1823C12058FE8900975B4B;
					};
				};
			};
			buildConfigurationList = 6D1823BD2058FE8900975B4B /* Build configuration list for PBXProject "IntroToUnitTests" */;
			compatibilityVersion = "Xcode 8.0";
			developmentRegion = en;
			hasScannedForEncodings = 0;
			knownRegions = (
				en,
				Base,
			);
			mainGroup = 6D1823B92058FE8900975B4B;
			productRefGroup = 6D1823C32058FE8900975B4B /* Products */;
			projectDirPath = "";
			projectRoot = "";
			targets = (
				6D1823C12058FE8900975B4B /* IntroToUnitTests */,
				6D1823D52058FE8900975B4B /* IntroToUnitTestsTests */,
			);
		};
/* End PBXProject section */

/* Begin PBXResourcesBuildPhase section */
		6D1823C02058FE8900975B4B /* Resources */ = {
			isa = PBXResourcesBuildPhase;
			buildActionMask = 2147483647;
			files = (
				6D1823D02058FE8900975B4B /* LaunchScreen.storyboard in Resources */,
				6D1823CD2058FE8900975B4B /* Assets.xcassets in Resources */,
				6D1823CB2058FE8900975B4B /* Main.storyboard in Resources */,
			);
			runOnlyForDeploymentPostprocessing = 0;
		};
		6D1823D42058FE8900975B4B /* Resources */ = {
			isa = PBXResourcesBuildPhase;
			buildActionMask = 2147483647;
			files = (
			);
			runOnlyForDeploymentPostprocessing = 0;
		};
/* End PBXResourcesBuildPhase section */

/* Begin PBXSourcesBuildPhase section */
		6D1823BE2058FE8900975B4B /* Sources */ = {
			isa = PBXSourcesBuildPhase;
			buildActionMask = 2147483647;
			files = (
				6D1823E92059071700975B4B /* Person.swift in Sources */,
				6D1823C82058FE8900975B4B /* ViewController.swift in Sources */,
				6D1823C62058FE8900975B4B /* AppDelegate.swift in Sources */,
			);
			runOnlyForDeploymentPostprocessing = 0;
		};
		6D1823D22058FE8900975B4B /* Sources */ = {
			isa = PBXSourcesBuildPhase;
			buildActionMask = 2147483647;
			files = (
				6D1823EB2059073F00975B4B /* PersonTests.swift in Sources */,
				6D1823E62058FE9E00975B4B /* ViewControllerTests.swift in Sources */,
			);
			runOnlyForDeploymentPostprocessing = 0;
		};
/* End PBXSourcesBuildPhase section */

/* Begin PBXTargetDependency section */
		6D1823D82058FE8900975B4B /* PBXTargetDependency */ = {
			isa = PBXTargetDependency;
			target = 6D1823C12058FE8900975B4B /* IntroToUnitTests */;
			targetProxy = 6D1823D72058FE8900975B4B /* PBXContainerItemProxy */;
		};
/* End PBXTargetDependency section */

/* Begin PBXVariantGroup section */
		6D1823C92058FE8900975B4B /* Main.storyboard */ = {
			isa = PBXVariantGroup;
			children = (
				6D1823CA2058FE8900975B4B /* Base */,
			);
			name = Main.storyboard;
			sourceTree = "<group>";
		};
		6D1823CE2058FE8900975B4B /* LaunchScreen.storyboard */ = {
			isa = PBXVariantGroup;
			children = (
				6D1823CF2058FE8900975B4B /* Base */,
			);
			name = LaunchScreen.storyboard;
			sourceTree = "<group>";
		};
/* End PBXVariantGroup section */

/* Begin XCBuildConfiguration section */
		6D1823DD2058FE8900975B4B /* Debug */ = {
			isa = XCBuildConfiguration;
			buildSettings = {
				ALWAYS_SEARCH_USER_PATHS = NO;
				CLANG_ANALYZER_NONNULL = YES;
				CLANG_ANALYZER_NUMBER_OBJECT_CONVERSION = YES_AGGRESSIVE;
				CLANG_CXX_LANGUAGE_STANDARD = "gnu++14";
				CLANG_CXX_LIBRARY = "libc++";
				CLANG_ENABLE_MODULES = YES;
				CLANG_ENABLE_OBJC_ARC = YES;
				CLANG_WARN_BLOCK_CAPTURE_AUTORELEASING = YES;
				CLANG_WARN_BOOL_CONVERSION = YES;
				CLANG_WARN_COMMA = YES;
				CLANG_WARN_CONSTANT_CONVERSION = YES;
				CLANG_WARN_DIRECT_OBJC_ISA_USAGE = YES_ERROR;
				CLANG_WARN_DOCUMENTATION_COMMENTS = YES;
				CLANG_WARN_EMPTY_BODY = YES;
				CLANG_WARN_ENUM_CONVERSION = YES;
				CLANG_WARN_INFINITE_RECURSION = YES;
				CLANG_WARN_INT_CONVERSION = YES;
				CLANG_WARN_NON_LITERAL_NULL_CONVERSION = YES;
				CLANG_WARN_OBJC_LITERAL_CONVERSION = YES;
				CLANG_WARN_OBJC_ROOT_CLASS = YES_ERROR;
				CLANG_WARN_RANGE_LOOP_ANALYSIS = YES;
				CLANG_WARN_STRICT_PROTOTYPES = YES;
				CLANG_WARN_SUSPICIOUS_MOVE = YES;
				CLANG_WARN_UNGUARDED_AVAILABILITY = YES_AGGRESSIVE;
				CLANG_WARN_UNREACHABLE_CODE = YES;
				CLANG_WARN__DUPLICATE_METHOD_MATCH = YES;
				CODE_SIGN_IDENTITY = "iPhone Developer";
				COPY_PHASE_STRIP = NO;
				DEBUG_INFORMATION_FORMAT = dwarf;
				ENABLE_STRICT_OBJC_MSGSEND = YES;
				ENABLE_TESTABILITY = YES;
				GCC_C_LANGUAGE_STANDARD = gnu11;
				GCC_DYNAMIC_NO_PIC = NO;
				GCC_NO_COMMON_BLOCKS = YES;
				GCC_OPTIMIZATION_LEVEL = 0;
				GCC_PREPROCESSOR_DEFINITIONS = (
					"DEBUG=1",
					"$(inherited)",
				);
				GCC_WARN_64_TO_32_BIT_CONVERSION = YES;
				GCC_WARN_ABOUT_RETURN_TYPE = YES_ERROR;
				GCC_WARN_UNDECLARED_SELECTOR = YES;
				GCC_WARN_UNINITIALIZED_AUTOS = YES_AGGRESSIVE;
				GCC_WARN_UNUSED_FUNCTION = YES;
				GCC_WARN_UNUSED_VARIABLE = YES;
				IPHONEOS_DEPLOYMENT_TARGET = 11.2;
				MTL_ENABLE_DEBUG_INFO = YES;
				ONLY_ACTIVE_ARCH = YES;
				SDKROOT = iphoneos;
				SWIFT_ACTIVE_COMPILATION_CONDITIONS = DEBUG;
				SWIFT_OPTIMIZATION_LEVEL = "-Onone";
			};
			name = Debug;
		};
		6D1823DE2058FE8900975B4B /* Release */ = {
			isa = XCBuildConfiguration;
			buildSettings = {
				ALWAYS_SEARCH_USER_PATHS = NO;
				CLANG_ANALYZER_NONNULL = YES;
				CLANG_ANALYZER_NUMBER_OBJECT_CONVERSION = YES_AGGRESSIVE;
				CLANG_CXX_LANGUAGE_STANDARD = "gnu++14";
				CLANG_CXX_LIBRARY = "libc++";
				CLANG_ENABLE_MODULES = YES;
				CLANG_ENABLE_OBJC_ARC = YES;
				CLANG_WARN_BLOCK_CAPTURE_AUTORELEASING = YES;
				CLANG_WARN_BOOL_CONVERSION = YES;
				CLANG_WARN_COMMA = YES;
				CLANG_WARN_CONSTANT_CONVERSION = YES;
				CLANG_WARN_DIRECT_OBJC_ISA_USAGE = YES_ERROR;
				CLANG_WARN_DOCUMENTATION_COMMENTS = YES;
				CLANG_WARN_EMPTY_BODY = YES;
				CLANG_WARN_ENUM_CONVERSION = YES;
				CLANG_WARN_INFINITE_RECURSION = YES;
				CLANG_WARN_INT_CONVERSION = YES;
				CLANG_WARN_NON_LITERAL_NULL_CONVERSION = YES;
				CLANG_WARN_OBJC_LITERAL_CONVERSION = YES;
				CLANG_WARN_OBJC_ROOT_CLASS = YES_ERROR;
				CLANG_WARN_RANGE_LOOP_ANALYSIS = YES;
				CLANG_WARN_STRICT_PROTOTYPES = YES;
				CLANG_WARN_SUSPICIOUS_MOVE = YES;
				CLANG_WARN_UNGUARDED_AVAILABILITY = YES_AGGRESSIVE;
				CLANG_WARN_UNREACHABLE_CODE = YES;
				CLANG_WARN__DUPLICATE_METHOD_MATCH = YES;
				CODE_SIGN_IDENTITY = "iPhone Developer";
				COPY_PHASE_STRIP = NO;
				DEBUG_INFORMATION_FORMAT = "dwarf-with-dsym";
				ENABLE_NS_ASSERTIONS = NO;
				ENABLE_STRICT_OBJC_MSGSEND = YES;
				GCC_C_LANGUAGE_STANDARD = gnu11;
				GCC_NO_COMMON_BLOCKS = YES;
				GCC_WARN_64_TO_32_BIT_CONVERSION = YES;
				GCC_WARN_ABOUT_RETURN_TYPE = YES_ERROR;
				GCC_WARN_UNDECLARED_SELECTOR = YES;
				GCC_WARN_UNINITIALIZED_AUTOS = YES_AGGRESSIVE;
				GCC_WARN_UNUSED_FUNCTION = YES;
				GCC_WARN_UNUSED_VARIABLE = YES;
				IPHONEOS_DEPLOYMENT_TARGET = 11.2;
				MTL_ENABLE_DEBUG_INFO = NO;
				SDKROOT = iphoneos;
				SWIFT_OPTIMIZATION_LEVEL = "-Owholemodule";
				VALIDATE_PRODUCT = YES;
			};
			name = Release;
		};
		6D1823E02058FE8900975B4B /* Debug */ = {
			isa = XCBuildConfiguration;
			buildSettings = {
				ASSETCATALOG_COMPILER_APPICON_NAME = AppIcon;
				CODE_SIGN_STYLE = Automatic;
				DEVELOPMENT_TEAM = XU385D6UF5;
				INFOPLIST_FILE = IntroToUnitTests/Info.plist;
				LD_RUNPATH_SEARCH_PATHS = "$(inherited) @executable_path/Frameworks";
				PRODUCT_BUNDLE_IDENTIFIER = co.TDStore.IntroToUnitTests;
				PRODUCT_NAME = "$(TARGET_NAME)";
				SWIFT_VERSION = 4.0;
				TARGETED_DEVICE_FAMILY = "1,2";
			};
			name = Debug;
		};
		6D1823E12058FE8900975B4B /* Release */ = {
			isa = XCBuildConfiguration;
			buildSettings = {
				ASSETCATALOG_COMPILER_APPICON_NAME = AppIcon;
				CODE_SIGN_STYLE = Automatic;
				DEVELOPMENT_TEAM = XU385D6UF5;
				INFOPLIST_FILE = IntroToUnitTests/Info.plist;
				LD_RUNPATH_SEARCH_PATHS = "$(inherited) @executable_path/Frameworks";
				PRODUCT_BUNDLE_IDENTIFIER = co.TDStore.IntroToUnitTests;
				PRODUCT_NAME = "$(TARGET_NAME)";
				SWIFT_VERSION = 4.0;
				TARGETED_DEVICE_FAMILY = "1,2";
			};
			name = Release;
		};
		6D1823E32058FE8900975B4B /* Debug */ = {
			isa = XCBuildConfiguration;
			buildSettings = {
				ALWAYS_EMBED_SWIFT_STANDARD_LIBRARIES = YES;
				BUNDLE_LOADER = "$(TEST_HOST)";
				CLANG_ENABLE_MODULES = YES;
				CODE_SIGN_STYLE = Automatic;
				DEVELOPMENT_TEAM = XU385D6UF5;
				INFOPLIST_FILE = IntroToUnitTestsTests/Info.plist;
				LD_RUNPATH_SEARCH_PATHS = "$(inherited) @executable_path/Frameworks @loader_path/Frameworks";
				PRODUCT_BUNDLE_IDENTIFIER = co.TDStore.IntroToUnitTestsTests;
				PRODUCT_NAME = "$(TARGET_NAME)";
				SWIFT_OPTIMIZATION_LEVEL = "-Onone";
				SWIFT_VERSION = 4.0;
				TARGETED_DEVICE_FAMILY = "1,2";
				TEST_HOST = "$(BUILT_PRODUCTS_DIR)/IntroToUnitTests.app/IntroToUnitTests";
			};
			name = Debug;
		};
		6D1823E42058FE8900975B4B /* Release */ = {
			isa = XCBuildConfiguration;
			buildSettings = {
				ALWAYS_EMBED_SWIFT_STANDARD_LIBRARIES = YES;
				BUNDLE_LOADER = "$(TEST_HOST)";
				CLANG_ENABLE_MODULES = YES;
				CODE_SIGN_STYLE = Automatic;
				DEVELOPMENT_TEAM = XU385D6UF5;
				INFOPLIST_FILE = IntroToUnitTestsTests/Info.plist;
				LD_RUNPATH_SEARCH_PATHS = "$(inherited) @executable_path/Frameworks @loader_path/Frameworks";
				PRODUCT_BUNDLE_IDENTIFIER = co.TDStore.IntroToUnitTestsTests;
				PRODUCT_NAME = "$(TARGET_NAME)";
				SWIFT_VERSION = 4.0;
				TARGETED_DEVICE_FAMILY = "1,2";
				TEST_HOST = "$(BUILT_PRODUCTS_DIR)/IntroToUnitTests.app/IntroToUnitTests";
			};
			name = Release;
		};
/* End XCBuildConfiguration section */

/* Begin XCConfigurationList section */
		6D1823BD2058FE8900975B4B /* Build configuration list for PBXProject "IntroToUnitTests" */ = {
			isa = XCConfigurationList;
			buildConfigurations = (
				6D1823DD2058FE8900975B4B /* Debug */,
				6D1823DE2058FE8900975B4B /* Release */,
			);
			defaultConfigurationIsVisible = 0;
			defaultConfigurationName = Release;
		};
		6D1823DF2058FE8900975B4B /* Build configuration list for PBXNativeTarget "IntroToUnitTests" */ = {
			isa = XCConfigurationList;
			buildConfigurations = (
				6D1823E02058FE8900975B4B /* Debug */,
				6D1823E12058FE8900975B4B /* Release */,
			);
			defaultConfigurationIsVisible = 0;
			defaultConfigurationName = Release;
		};
		6D1823E22058FE8900975B4B /* Build configuration list for PBXNativeTarget "IntroToUnitTestsTests" */ = {
			isa = XCConfigurationList;
			buildConfigurations = (
				6D1823E32058FE8900975B4B /* Debug */,
				6D1823E42058FE8900975B4B /* Release */,
			);
			defaultConfigurationIsVisible = 0;
			defaultConfigurationName = Release;
		};
/* End XCConfigurationList section */
	};
	rootObject = 6D1823BA2058FE8900975B4B /* Project object */;
}
